
Microsoft Visual Studio Solution File, Format Version 12.00
# Visual Studio 15
VisualStudioVersion = 15.0.27428.2037
MinimumVisualStudioVersion = 10.0.40219.1
Project("{FAE04EC0-301F-11D3-BF4B-00C04F79EFBC}") = "converter_csv_xml", "converter_csv_xml\converter_csv_xml.csproj", "{1894ACCC-2347-4B92-9760-981E681BF958}"
EndProject
Global
	GlobalSection(SolutionConfigurationPlatforms) = preSolution
		Debug|Any CPU = Debug|Any CPU
		Release|Any CPU = Release|Any CPU
	EndGlobalSection
	GlobalSection(ProjectConfigurationPlatforms) = postSolution
		{1894ACCC-2347-4B92-9760-981E681BF958}.Debug|Any CPU.ActiveCfg = Debug|Any CPU
		{1894ACCC-2347-4B92-9760-981E681BF958}.Debug|Any CPU.Build.0 = Debug|Any CPU
		{1894ACCC-2347-4B92-9760-981E681BF958}.Release|Any CPU.ActiveCfg = Release|Any CPU
		{1894ACCC-2347-4B92-9760-981E681BF958}.Release|Any CPU.Build.0 = Release|Any CPU
	EndGlobalSection
	GlobalSection(SolutionProperties) = preSolution
		HideSolutionNode = FALSE
	EndGlobalSection
	GlobalSection(ExtensibilityGlobals) = postSolution
		SolutionGuid = {39823EFB-AC96-4DC8-94A6-426042DFEDA2}
	EndGlobalSection
EndGlobal
